
Microsoft Visual Studio Solution File, Format Version 12.00
# Visual Studio Version 16
VisualStudioVersion = 16.0.29709.97
MinimumVisualStudioVersion = 10.0.40219.1
Project("{9A19103F-16F7-4668-BE54-9A1E7A4F7556}") = "Portal.Web", "src\Portal\Portal.Web.csproj", "{46D80020-C4D5-4AA1-B243-D21382BC52BE}"
EndProject
Project("{2150E333-8FDC-42A3-9474-1A3956D46DE8}") = "src", "src", "{A27AC57A-AA0D-418A-97A4-68A8C031BD41}"
EndProject
Project("{2150E333-8FDC-42A3-9474-1A3956D46DE8}") = "build", "build", "{DF3B7ABB-C6E4-40A3-8C3D-D63F610012B9}"
EndProject
Project("{2150E333-8FDC-42A3-9474-1A3956D46DE8}") = "test", "test", "{D11B1911-9C5F-439A-800F-26A36C91FBEE}"
EndProject
Project("{2150E333-8FDC-42A3-9474-1A3956D46DE8}") = "samples", "samples", "{3C2A1774-2DCF-4785-9CDC-DF58B6669B67}"
EndProject
Project("{2150E333-8FDC-42A3-9474-1A3956D46DE8}") = "Solution Items", "Solution Items", "{B337EACE-5B6C-4739-A96F-A6B3FA909C44}"
	ProjectSection(SolutionItems) = preProject
		LICENSE.txt = LICENSE.txt
		README.md = README.md
	EndProjectSection
EndProject
Project("{9A19103F-16F7-4668-BE54-9A1E7A4F7556}") = "Portal.Data", "src\Portal.Data\Portal.Data.csproj", "{7FC335A4-09AF-45AD-8442-DF2BB577FA1C}"
EndProject
Project("{9A19103F-16F7-4668-BE54-9A1E7A4F7556}") = "Portal.Service", "src\Portal.Service\Portal.Service.csproj", "{0D9F7A14-F9B2-4C30-AA04-FCAA1A02D9E2}"
EndProject
Project("{FAE04EC0-301F-11D3-BF4B-00C04F79EFBC}") = "Portal.Core", "src\Portal.Core\Portal.Core.csproj", "{69253C77-EB50-4E2D-8798-22AA35EE0858}"
EndProject
Global
	GlobalSection(SolutionConfigurationPlatforms) = preSolution
		Debug|Any CPU = Debug|Any CPU
		Release|Any CPU = Release|Any CPU
	EndGlobalSection
	GlobalSection(ProjectConfigurationPlatforms) = postSolution
		{46D80020-C4D5-4AA1-B243-D21382BC52BE}.Debug|Any CPU.ActiveCfg = Debug|Any CPU
		{46D80020-C4D5-4AA1-B243-D21382BC52BE}.Debug|Any CPU.Build.0 = Debug|Any CPU
		{46D80020-C4D5-4AA1-B243-D21382BC52BE}.Release|Any CPU.ActiveCfg = Release|Any CPU
		{46D80020-C4D5-4AA1-B243-D21382BC52BE}.Release|Any CPU.Build.0 = Release|Any CPU
		{7FC335A4-09AF-45AD-8442-DF2BB577FA1C}.Debug|Any CPU.ActiveCfg = Debug|Any CPU
		{7FC335A4-09AF-45AD-8442-DF2BB577FA1C}.Debug|Any CPU.Build.0 = Debug|Any CPU
		{7FC335A4-09AF-45AD-8442-DF2BB577FA1C}.Release|Any CPU.ActiveCfg = Release|Any CPU
		{7FC335A4-09AF-45AD-8442-DF2BB577FA1C}.Release|Any CPU.Build.0 = Release|Any CPU
		{0D9F7A14-F9B2-4C30-AA04-FCAA1A02D9E2}.Debug|Any CPU.ActiveCfg = Debug|Any CPU
		{0D9F7A14-F9B2-4C30-AA04-FCAA1A02D9E2}.Debug|Any CPU.Build.0 = Debug|Any CPU
		{0D9F7A14-F9B2-4C30-AA04-FCAA1A02D9E2}.Release|Any CPU.ActiveCfg = Release|Any CPU
		{0D9F7A14-F9B2-4C30-AA04-FCAA1A02D9E2}.Release|Any CPU.Build.0 = Release|Any CPU
		{69253C77-EB50-4E2D-8798-22AA35EE0858}.Debug|Any CPU.ActiveCfg = Debug|Any CPU
		{69253C77-EB50-4E2D-8798-22AA35EE0858}.Debug|Any CPU.Build.0 = Debug|Any CPU
		{69253C77-EB50-4E2D-8798-22AA35EE0858}.Release|Any CPU.ActiveCfg = Release|Any CPU
		{69253C77-EB50-4E2D-8798-22AA35EE0858}.Release|Any CPU.Build.0 = Release|Any CPU
	EndGlobalSection
	GlobalSection(SolutionProperties) = preSolution
		HideSolutionNode = FALSE
	EndGlobalSection
	GlobalSection(NestedProjects) = preSolution
		{46D80020-C4D5-4AA1-B243-D21382BC52BE} = {A27AC57A-AA0D-418A-97A4-68A8C031BD41}
		{7FC335A4-09AF-45AD-8442-DF2BB577FA1C} = {A27AC57A-AA0D-418A-97A4-68A8C031BD41}
		{0D9F7A14-F9B2-4C30-AA04-FCAA1A02D9E2} = {A27AC57A-AA0D-418A-97A4-68A8C031BD41}
		{69253C77-EB50-4E2D-8798-22AA35EE0858} = {A27AC57A-AA0D-418A-97A4-68A8C031BD41}
	EndGlobalSection
	GlobalSection(ExtensibilityGlobals) = postSolution
		SolutionGuid = {0918CB18-AE77-418E-AAF8-13EC0516D3BC}
	EndGlobalSection
EndGlobal
